
Microsoft Visual Studio Solution File, Format Version 12.00
# Visual Studio Version 17
VisualStudioVersion = 17.9.34728.123
MinimumVisualStudioVersion = 10.0.40219.1
Project("{FAE04EC0-301F-11D3-BF4B-00C04F79EFBC}") = "WindowsFormsApp1", "WindowsFormsApp1\WindowsFormsApp1.csproj", "{83A62DDC-BE6C-4C90-B640-41C8602E0594}"
	ProjectSection(ProjectDependencies) = postProject
		{05683B05-48B6-40DD-8D62-794BE1262FF8} = {05683B05-48B6-40DD-8D62-794BE1262FF8}
	EndProjectSection
EndProject
Project("{FAE04EC0-301F-11D3-BF4B-00C04F79EFBC}") = "WVLCV", "WVLCV\WVLCV.csproj", "{642DCA44-AA6C-429F-A609-FD92E8FDC3E8}"
EndProject
Project("{8BC9CEB8-8B4A-11D0-8D11-00A0C91BC942}") = "DotAnalyzerCPP", "DotAnalyzerCPP\DotAnalyzerCPP.vcxproj", "{05683B05-48B6-40DD-8D62-794BE1262FF8}"
EndProject
Global
	GlobalSection(SolutionConfigurationPlatforms) = preSolution
		Debug|x64 = Debug|x64
		Release|x64 = Release|x64
	EndGlobalSection
	GlobalSection(ProjectConfigurationPlatforms) = postSolution
		{83A62DDC-BE6C-4C90-B640-41C8602E0594}.Debug|x64.ActiveCfg = Debug|x64
		{83A62DDC-BE6C-4C90-B640-41C8602E0594}.Debug|x64.Build.0 = Debug|x64
		{83A62DDC-BE6C-4C90-B640-41C8602E0594}.Release|x64.ActiveCfg = Release|x64
		{83A62DDC-BE6C-4C90-B640-41C8602E0594}.Release|x64.Build.0 = Release|x64
		{642DCA44-AA6C-429F-A609-FD92E8FDC3E8}.Debug|x64.ActiveCfg = Debug|x64
		{642DCA44-AA6C-429F-A609-FD92E8FDC3E8}.Debug|x64.Build.0 = Debug|x64
		{642DCA44-AA6C-429F-A609-FD92E8FDC3E8}.Release|x64.ActiveCfg = Release|x64
		{642DCA44-AA6C-429F-A609-FD92E8FDC3E8}.Release|x64.Build.0 = Release|x64
		{05683B05-48B6-40DD-8D62-794BE1262FF8}.Debug|x64.ActiveCfg = Debug|x64
		{05683B05-48B6-40DD-8D62-794BE1262FF8}.Debug|x64.Build.0 = Debug|x64
		{05683B05-48B6-40DD-8D62-794BE1262FF8}.Release|x64.ActiveCfg = Release|x64
		{05683B05-48B6-40DD-8D62-794BE1262FF8}.Release|x64.Build.0 = Release|x64
	EndGlobalSection
	GlobalSection(SolutionProperties) = preSolution
		HideSolutionNode = FALSE
	EndGlobalSection
	GlobalSection(ExtensibilityGlobals) = postSolution
		SolutionGuid = {6FB5389F-3387-4505-AA99-A30B8446AF69}
	EndGlobalSection
EndGlobal
